
Microsoft Visual Studio Solution File, Format Version 12.00
# Visual Studio Version 16
VisualStudioVersion = 16.0.29613.14
MinimumVisualStudioVersion = 10.0.40219.1
Project("{FAE04EC0-301F-11D3-BF4B-00C04F79EFBC}") = "GammaConsoleClockObserver", "GammaConsoleClockObserver\GammaConsoleClockObserver.csproj", "{2AB4BFC9-D4F5-4AE2-A62B-560C25F06A9F}"
EndProject
Project("{FAE04EC0-301F-11D3-BF4B-00C04F79EFBC}") = "CSharpConsoleClockObserver", "CSharpConsoleClockObserver\CSharpConsoleClockObserver.csproj", "{3035F5FD-D963-48C0-9E17-E79905D9CDEF}"
EndProject
Global
	GlobalSection(SolutionConfigurationPlatforms) = preSolution
		Debug|Any CPU = Debug|Any CPU
		Release|Any CPU = Release|Any CPU
	EndGlobalSection
	GlobalSection(ProjectConfigurationPlatforms) = postSolution
		{2AB4BFC9-D4F5-4AE2-A62B-560C25F06A9F}.Debug|Any CPU.ActiveCfg = Debug|Any CPU
		{2AB4BFC9-D4F5-4AE2-A62B-560C25F06A9F}.Debug|Any CPU.Build.0 = Debug|Any CPU
		{2AB4BFC9-D4F5-4AE2-A62B-560C25F06A9F}.Release|Any CPU.ActiveCfg = Release|Any CPU
		{2AB4BFC9-D4F5-4AE2-A62B-560C25F06A9F}.Release|Any CPU.Build.0 = Release|Any CPU
		{3035F5FD-D963-48C0-9E17-E79905D9CDEF}.Debug|Any CPU.ActiveCfg = Debug|Any CPU
		{3035F5FD-D963-48C0-9E17-E79905D9CDEF}.Debug|Any CPU.Build.0 = Debug|Any CPU
		{3035F5FD-D963-48C0-9E17-E79905D9CDEF}.Release|Any CPU.ActiveCfg = Release|Any CPU
		{3035F5FD-D963-48C0-9E17-E79905D9CDEF}.Release|Any CPU.Build.0 = Release|Any CPU
	EndGlobalSection
	GlobalSection(SolutionProperties) = preSolution
		HideSolutionNode = FALSE
	EndGlobalSection
	GlobalSection(ExtensibilityGlobals) = postSolution
		SolutionGuid = {79B798BF-E254-4468-A3FA-C0152B339C56}
	EndGlobalSection
EndGlobal
