
Microsoft Visual Studio Solution File, Format Version 12.00
# Visual Studio Version 16
VisualStudioVersion = 16.0.30517.126
MinimumVisualStudioVersion = 10.0.40219.1
Project("{FAE04EC0-301F-11D3-BF4B-00C04F79EFBC}") = "ThreadingDemo", "ThreadingDemo\ThreadingDemo.csproj", "{5D682A64-5B64-4FC7-B380-B95094B85CA7}"
EndProject
Project("{FAE04EC0-301F-11D3-BF4B-00C04F79EFBC}") = "SingletonDLL", "SingletonDLL\SingletonDLL.csproj", "{AE7B22AD-2208-41B9-B8BD-AEBF95E45526}"
EndProject
Global
	GlobalSection(SolutionConfigurationPlatforms) = preSolution
		Debug|Any CPU = Debug|Any CPU
		Release|Any CPU = Release|Any CPU
	EndGlobalSection
	GlobalSection(ProjectConfigurationPlatforms) = postSolution
		{5D682A64-5B64-4FC7-B380-B95094B85CA7}.Debug|Any CPU.ActiveCfg = Debug|Any CPU
		{5D682A64-5B64-4FC7-B380-B95094B85CA7}.Debug|Any CPU.Build.0 = Debug|Any CPU
		{5D682A64-5B64-4FC7-B380-B95094B85CA7}.Release|Any CPU.ActiveCfg = Release|Any CPU
		{5D682A64-5B64-4FC7-B380-B95094B85CA7}.Release|Any CPU.Build.0 = Release|Any CPU
		{AE7B22AD-2208-41B9-B8BD-AEBF95E45526}.Debug|Any CPU.ActiveCfg = Debug|Any CPU
		{AE7B22AD-2208-41B9-B8BD-AEBF95E45526}.Debug|Any CPU.Build.0 = Debug|Any CPU
		{AE7B22AD-2208-41B9-B8BD-AEBF95E45526}.Release|Any CPU.ActiveCfg = Release|Any CPU
		{AE7B22AD-2208-41B9-B8BD-AEBF95E45526}.Release|Any CPU.Build.0 = Release|Any CPU
	EndGlobalSection
	GlobalSection(SolutionProperties) = preSolution
		HideSolutionNode = FALSE
	EndGlobalSection
	GlobalSection(ExtensibilityGlobals) = postSolution
		SolutionGuid = {53F018EF-F91E-48EC-A6EF-CA9D972CB648}
	EndGlobalSection
EndGlobal
