
Microsoft Visual Studio Solution File, Format Version 12.00
# Visual Studio Version 16
VisualStudioVersion = 16.0.30517.126
MinimumVisualStudioVersion = 10.0.40219.1
Project("{FAE04EC0-301F-11D3-BF4B-00C04F79EFBC}") = "StrategyLabStarterCode", "StrategyLabStarterCode\StrategyLabStarterCode.csproj", "{CF31C831-5ED1-442B-BA13-25412C51F025}"
EndProject
Project("{FAE04EC0-301F-11D3-BF4B-00C04F79EFBC}") = "StockReportStrategies", "StockReportStrategies\StockReportStrategies.csproj", "{BE82627F-ECBB-49AF-B6E2-29178D2BA578}"
EndProject
Global
	GlobalSection(SolutionConfigurationPlatforms) = preSolution
		Debug|Any CPU = Debug|Any CPU
		Release|Any CPU = Release|Any CPU
	EndGlobalSection
	GlobalSection(ProjectConfigurationPlatforms) = postSolution
		{CF31C831-5ED1-442B-BA13-25412C51F025}.Debug|Any CPU.ActiveCfg = Debug|Any CPU
		{CF31C831-5ED1-442B-BA13-25412C51F025}.Debug|Any CPU.Build.0 = Debug|Any CPU
		{CF31C831-5ED1-442B-BA13-25412C51F025}.Release|Any CPU.ActiveCfg = Release|Any CPU
		{CF31C831-5ED1-442B-BA13-25412C51F025}.Release|Any CPU.Build.0 = Release|Any CPU
		{BE82627F-ECBB-49AF-B6E2-29178D2BA578}.Debug|Any CPU.ActiveCfg = Debug|Any CPU
		{BE82627F-ECBB-49AF-B6E2-29178D2BA578}.Debug|Any CPU.Build.0 = Debug|Any CPU
		{BE82627F-ECBB-49AF-B6E2-29178D2BA578}.Release|Any CPU.ActiveCfg = Release|Any CPU
		{BE82627F-ECBB-49AF-B6E2-29178D2BA578}.Release|Any CPU.Build.0 = Release|Any CPU
	EndGlobalSection
	GlobalSection(SolutionProperties) = preSolution
		HideSolutionNode = FALSE
	EndGlobalSection
	GlobalSection(ExtensibilityGlobals) = postSolution
		SolutionGuid = {58FCC796-E622-4352-BFBE-09BE9F1F403A}
	EndGlobalSection
EndGlobal
